
Microsoft Visual Studio Solution File, Format Version 12.00
# Visual Studio Version 17
VisualStudioVersion = 17.13.35825.156 d17.13
MinimumVisualStudioVersion = 10.0.40219.1
Project("{FAE04EC0-301F-11D3-BF4B-00C04F79EFBC}") = "LAB4", "LAB4.csproj", "{95F3DD96-FB80-4B4F-B534-8167FA8D05CF}"
EndProject
Global
	GlobalSection(SolutionConfigurationPlatforms) = preSolution
		Debug|Any CPU = Debug|Any CPU
		Release|Any CPU = Release|Any CPU
	EndGlobalSection
	GlobalSection(ProjectConfigurationPlatforms) = postSolution
		{95F3DD96-FB80-4B4F-B534-8167FA8D05CF}.Debug|Any CPU.ActiveCfg = Debug|Any CPU
		{95F3DD96-FB80-4B4F-B534-8167FA8D05CF}.Debug|Any CPU.Build.0 = Debug|Any CPU
		{95F3DD96-FB80-4B4F-B534-8167FA8D05CF}.Release|Any CPU.ActiveCfg = Release|Any CPU
		{95F3DD96-FB80-4B4F-B534-8167FA8D05CF}.Release|Any CPU.Build.0 = Release|Any CPU
	EndGlobalSection
	GlobalSection(SolutionProperties) = preSolution
		HideSolutionNode = FALSE
	EndGlobalSection
	GlobalSection(ExtensibilityGlobals) = postSolution
		SolutionGuid = {62E091F3-D94B-4AE6-A785-B64A09389FC3}
	EndGlobalSection
EndGlobal
