
Microsoft Visual Studio Solution File, Format Version 12.00
# Visual Studio Version 17
VisualStudioVersion = 17.13.35825.156 d17.13
MinimumVisualStudioVersion = 10.0.40219.1
Project("{FAE04EC0-301F-11D3-BF4B-00C04F79EFBC}") = "LAB5 - 2", "LAB5 - 2.csproj", "{6E290C74-BABB-4CF9-8C59-5CB909595C45}"
EndProject
Global
	GlobalSection(SolutionConfigurationPlatforms) = preSolution
		Debug|Any CPU = Debug|Any CPU
		Release|Any CPU = Release|Any CPU
	EndGlobalSection
	GlobalSection(ProjectConfigurationPlatforms) = postSolution
		{6E290C74-BABB-4CF9-8C59-5CB909595C45}.Debug|Any CPU.ActiveCfg = Debug|Any CPU
		{6E290C74-BABB-4CF9-8C59-5CB909595C45}.Debug|Any CPU.Build.0 = Debug|Any CPU
		{6E290C74-BABB-4CF9-8C59-5CB909595C45}.Release|Any CPU.ActiveCfg = Release|Any CPU
		{6E290C74-BABB-4CF9-8C59-5CB909595C45}.Release|Any CPU.Build.0 = Release|Any CPU
	EndGlobalSection
	GlobalSection(SolutionProperties) = preSolution
		HideSolutionNode = FALSE
	EndGlobalSection
	GlobalSection(ExtensibilityGlobals) = postSolution
		SolutionGuid = {6E7D485D-F1DD-4A71-80AE-1EF6247C5E92}
	EndGlobalSection
EndGlobal
