
Microsoft Visual Studio Solution File, Format Version 12.00
# Visual Studio Version 17
VisualStudioVersion = 17.13.35825.156 d17.13
MinimumVisualStudioVersion = 10.0.40219.1
Project("{FAE04EC0-301F-11D3-BF4B-00C04F79EFBC}") = "LAB2", "LAB2.csproj", "{E93E8195-87BE-4705-BED2-42E51E58A69B}"
EndProject
Global
	GlobalSection(SolutionConfigurationPlatforms) = preSolution
		Debug|Any CPU = Debug|Any CPU
		Release|Any CPU = Release|Any CPU
	EndGlobalSection
	GlobalSection(ProjectConfigurationPlatforms) = postSolution
		{E93E8195-87BE-4705-BED2-42E51E58A69B}.Debug|Any CPU.ActiveCfg = Debug|Any CPU
		{E93E8195-87BE-4705-BED2-42E51E58A69B}.Debug|Any CPU.Build.0 = Debug|Any CPU
		{E93E8195-87BE-4705-BED2-42E51E58A69B}.Release|Any CPU.ActiveCfg = Release|Any CPU
		{E93E8195-87BE-4705-BED2-42E51E58A69B}.Release|Any CPU.Build.0 = Release|Any CPU
	EndGlobalSection
	GlobalSection(SolutionProperties) = preSolution
		HideSolutionNode = FALSE
	EndGlobalSection
	GlobalSection(ExtensibilityGlobals) = postSolution
		SolutionGuid = {F3372E8C-29D3-4E83-8502-79DC92914324}
	EndGlobalSection
EndGlobal
