
Microsoft Visual Studio Solution File, Format Version 12.00
# Visual Studio Version 17
VisualStudioVersion = 17.13.35825.156 d17.13
MinimumVisualStudioVersion = 10.0.40219.1
Project("{FAE04EC0-301F-11D3-BF4B-00C04F79EFBC}") = "LAB3", "LAB3.csproj", "{3B95AFA4-31F6-4836-B2CF-10FF74264C5D}"
EndProject
Global
	GlobalSection(SolutionConfigurationPlatforms) = preSolution
		Debug|Any CPU = Debug|Any CPU
		Release|Any CPU = Release|Any CPU
	EndGlobalSection
	GlobalSection(ProjectConfigurationPlatforms) = postSolution
		{3B95AFA4-31F6-4836-B2CF-10FF74264C5D}.Debug|Any CPU.ActiveCfg = Debug|Any CPU
		{3B95AFA4-31F6-4836-B2CF-10FF74264C5D}.Debug|Any CPU.Build.0 = Debug|Any CPU
		{3B95AFA4-31F6-4836-B2CF-10FF74264C5D}.Release|Any CPU.ActiveCfg = Release|Any CPU
		{3B95AFA4-31F6-4836-B2CF-10FF74264C5D}.Release|Any CPU.Build.0 = Release|Any CPU
	EndGlobalSection
	GlobalSection(SolutionProperties) = preSolution
		HideSolutionNode = FALSE
	EndGlobalSection
	GlobalSection(ExtensibilityGlobals) = postSolution
		SolutionGuid = {03DD0AA7-9ED9-458D-9C84-6E9F6401F677}
	EndGlobalSection
EndGlobal
